// !$*UTF8*$!
{
	archiveVersion = 1;
	classes = {
	};
	objectVersion = 46;
	objects = {

/* Begin PBXAggregateTarget section */
		377A71CA1816FB0200F1B56C /* Mogenerator */ = {
			isa = PBXAggregateTarget;
			buildConfigurationList = 377A71CD1816FB0200F1B56C /* Build configuration list for PBXAggregateTarget "Mogenerator" */;
			buildPhases = (
				377A71CE1816FB7A00F1B56C /* ShellScript */,
			);
			dependencies = (
			);
			name = Mogenerator;
			productName = Mogenerator;
		};
/* End PBXAggregateTarget section */

/* Begin PBXBuildFile section */
		3703E5A21837241E00B0D9CC /* JMAGameEngine.m in Sources */ = {isa = PBXBuildFile; fileRef = 3703E5A11837241E00B0D9CC /* JMAGameEngine.m */; };
		37077C06182DA691006B6AC3 /* JMAGameViewController.m in Sources */ = {isa = PBXBuildFile; fileRef = 37077C05182DA691006B6AC3 /* JMAGameViewController.m */; };
		37077C0A182DE41F006B6AC3 /* JMABoardView.m in Sources */ = {isa = PBXBuildFile; fileRef = 37077C09182DE41F006B6AC3 /* JMABoardView.m */; };
		37077C0D182DE72E006B6AC3 /* JMASquare.m in Sources */ = {isa = PBXBuildFile; fileRef = 37077C0C182DE72E006B6AC3 /* JMASquare.m */; };
		370F8DB71811E3970004E840 /* MainStoryboard.storyboard in Resources */ = {isa = PBXBuildFile; fileRef = 370F8DB61811E3970004E840 /* MainStoryboard.storyboard */; };
		370F8DBA1811EE0F0004E840 /* JMADatabasesTableViewController.m in Sources */ = {isa = PBXBuildFile; fileRef = 370F8DB91811EE0F0004E840 /* JMADatabasesTableViewController.m */; };
		3713924D18331D630094C36F /* Tahoma.ttf in Resources */ = {isa = PBXBuildFile; fileRef = 3713924C18331D630094C36F /* Tahoma.ttf */; };
		37158828183D717C000FF8F7 /* _Database.m in Sources */ = {isa = PBXBuildFile; fileRef = 37158821183D717C000FF8F7 /* _Database.m */; };
		37158829183D717C000FF8F7 /* _Game.m in Sources */ = {isa = PBXBuildFile; fileRef = 37158823183D717C000FF8F7 /* _Game.m */; };
		3715882A183D717C000FF8F7 /* Database.m in Sources */ = {isa = PBXBuildFile; fileRef = 37158825183D717C000FF8F7 /* Database.m */; };
		3715882B183D717C000FF8F7 /* Game.m in Sources */ = {isa = PBXBuildFile; fileRef = 37158827183D717C000FF8F7 /* Game.m */; };
		3715882E183E8D6F000FF8F7 /* JMABoardModel.m in Sources */ = {isa = PBXBuildFile; fileRef = 3715882D183E8D6F000FF8F7 /* JMABoardModel.m */; };
		37342322182B1A3400808D62 /* JMADatabasesCell.m in Sources */ = {isa = PBXBuildFile; fileRef = 37342321182B1A3400808D62 /* JMADatabasesCell.m */; };
		37342331182B4A0D00808D62 /* ioapi.c in Sources */ = {isa = PBXBuildFile; fileRef = 37342327182B4A0D00808D62 /* ioapi.c */; };
		37342332182B4A0D00808D62 /* mztools.c in Sources */ = {isa = PBXBuildFile; fileRef = 37342329182B4A0D00808D62 /* mztools.c */; };
		37342333182B4A0D00808D62 /* unzip.c in Sources */ = {isa = PBXBuildFile; fileRef = 3734232B182B4A0D00808D62 /* unzip.c */; };
		37342334182B4A0D00808D62 /* zip.c in Sources */ = {isa = PBXBuildFile; fileRef = 3734232D182B4A0D00808D62 /* zip.c */; };
		37342335182B4A0D00808D62 /* SSZipArchive.m in Sources */ = {isa = PBXBuildFile; fileRef = 37342330182B4A0D00808D62 /* SSZipArchive.m */; };
		37342338182B4B0600808D62 /* libz.dylib in Frameworks */ = {isa = PBXBuildFile; fileRef = 37342337182B4B0600808D62 /* libz.dylib */; };
		373695B8183195E600793672 /* JMAPiece.m in Sources */ = {isa = PBXBuildFile; fileRef = 373695B7183195E600793672 /* JMAPiece.m */; };
		373695BE1831AE5C00793672 /* JMAChessConstants.m in Sources */ = {isa = PBXBuildFile; fileRef = 373695BD1831AE5C00793672 /* JMAChessConstants.m */; };
		376B5D39184464F200D63108 /* JMAMove.m in Sources */ = {isa = PBXBuildFile; fileRef = 376B5D38184464F200D63108 /* JMAMove.m */; };
		3770535B1819C43500B2877B /* JMADatabaseTableViewController.m in Sources */ = {isa = PBXBuildFile; fileRef = 3770535A1819C43500B2877B /* JMADatabaseTableViewController.m */; };
		37AF5ABC18103A6200B86F79 /* Foundation.framework in Frameworks */ = {isa = PBXBuildFile; fileRef = 37AF5ABB18103A6200B86F79 /* Foundation.framework */; };
		37AF5ABE18103A6200B86F79 /* CoreGraphics.framework in Frameworks */ = {isa = PBXBuildFile; fileRef = 37AF5ABD18103A6200B86F79 /* CoreGraphics.framework */; };
		37AF5AC018103A6200B86F79 /* UIKit.framework in Frameworks */ = {isa = PBXBuildFile; fileRef = 37AF5ABF18103A6200B86F79 /* UIKit.framework */; };
		37AF5AC218103A6200B86F79 /* CoreData.framework in Frameworks */ = {isa = PBXBuildFile; fileRef = 37AF5AC118103A6200B86F79 /* CoreData.framework */; };
		37AF5AC818103A6200B86F79 /* InfoPlist.strings in Resources */ = {isa = PBXBuildFile; fileRef = 37AF5AC618103A6200B86F79 /* InfoPlist.strings */; };
		37AF5ACA18103A6200B86F79 /* main.m in Sources */ = {isa = PBXBuildFile; fileRef = 37AF5AC918103A6200B86F79 /* main.m */; };
		37AF5ACE18103A6200B86F79 /* JMAAppDelegate.m in Sources */ = {isa = PBXBuildFile; fileRef = 37AF5ACD18103A6200B86F79 /* JMAAppDelegate.m */; };
		37AF5AD118103A6200B86F79 /* PGN_Reader.xcdatamodeld in Sources */ = {isa = PBXBuildFile; fileRef = 37AF5ACF18103A6200B86F79 /* PGN_Reader.xcdatamodeld */; };
		37AF5AD318103A6200B86F79 /* Images.xcassets in Resources */ = {isa = PBXBuildFile; fileRef = 37AF5AD218103A6200B86F79 /* Images.xcassets */; };
		37AF5ADA18103A6300B86F79 /* XCTest.framework in Frameworks */ = {isa = PBXBuildFile; fileRef = 37AF5AD918103A6300B86F79 /* XCTest.framework */; };
		37AF5ADB18103A6300B86F79 /* Foundation.framework in Frameworks */ = {isa = PBXBuildFile; fileRef = 37AF5ABB18103A6200B86F79 /* Foundation.framework */; };
		37AF5ADC18103A6300B86F79 /* UIKit.framework in Frameworks */ = {isa = PBXBuildFile; fileRef = 37AF5ABF18103A6200B86F79 /* UIKit.framework */; };
		37AF5ADD18103A6300B86F79 /* CoreData.framework in Frameworks */ = {isa = PBXBuildFile; fileRef = 37AF5AC118103A6200B86F79 /* CoreData.framework */; };
		37AF5AE518103A6300B86F79 /* InfoPlist.strings in Resources */ = {isa = PBXBuildFile; fileRef = 37AF5AE318103A6300B86F79 /* InfoPlist.strings */; };
		37AF5AE718103A6300B86F79 /* PGN_ReaderTests.m in Sources */ = {isa = PBXBuildFile; fileRef = 37AF5AE618103A6300B86F79 /* PGN_ReaderTests.m */; };
		37F6225B1814967E0051012C /* JMAConstants.m in Sources */ = {isa = PBXBuildFile; fileRef = 37F6225A1814967E0051012C /* JMAConstants.m */; };
		37F6226118149D4F0051012C /* JMAParser.m in Sources */ = {isa = PBXBuildFile; fileRef = 37F6226018149D4F0051012C /* JMAParser.m */; };
		37F637BE1835413300A4BD7D /* JMAMovesListParser.m in Sources */ = {isa = PBXBuildFile; fileRef = 37F637BD1835413300A4BD7D /* JMAMovesListParser.m */; };
/* End PBXBuildFile section */

/* Begin PBXContainerItemProxy section */
		37AF5ADE18103A6300B86F79 /* PBXContainerItemProxy */ = {
			isa = PBXContainerItemProxy;
			containerPortal = 37AF5AB018103A6200B86F79 /* Project object */;
			proxyType = 1;
			remoteGlobalIDString = 37AF5AB718103A6200B86F79;
			remoteInfo = "PGN Reader";
		};
/* End PBXContainerItemProxy section */

/* Begin PBXFileReference section */
		3703E5A01837241E00B0D9CC /* JMAGameEngine.h */ = {isa = PBXFileReference; fileEncoding = 4; lastKnownFileType = sourcecode.c.h; path = JMAGameEngine.h; sourceTree = "<group>"; };
		3703E5A11837241E00B0D9CC /* JMAGameEngine.m */ = {isa = PBXFileReference; fileEncoding = 4; lastKnownFileType = sourcecode.c.objc; path = JMAGameEngine.m; sourceTree = "<group>"; };
		37077C04182DA691006B6AC3 /* JMAGameViewController.h */ = {isa = PBXFileReference; fileEncoding = 4; lastKnownFileType = sourcecode.c.h; path = JMAGameViewController.h; sourceTree = "<group>"; };
		37077C05182DA691006B6AC3 /* JMAGameViewController.m */ = {isa = PBXFileReference; fileEncoding = 4; lastKnownFileType = sourcecode.c.objc; path = JMAGameViewController.m; sourceTree = "<group>"; };
		37077C08182DE41F006B6AC3 /* JMABoardView.h */ = {isa = PBXFileReference; fileEncoding = 4; lastKnownFileType = sourcecode.c.h; path = JMABoardView.h; sourceTree = "<group>"; };
		37077C09182DE41F006B6AC3 /* JMABoardView.m */ = {isa = PBXFileReference; fileEncoding = 4; lastKnownFileType = sourcecode.c.objc; path = JMABoardView.m; sourceTree = "<group>"; };
		37077C0B182DE72E006B6AC3 /* JMASquare.h */ = {isa = PBXFileReference; fileEncoding = 4; lastKnownFileType = sourcecode.c.h; path = JMASquare.h; sourceTree = "<group>"; };
		37077C0C182DE72E006B6AC3 /* JMASquare.m */ = {isa = PBXFileReference; fileEncoding = 4; lastKnownFileType = sourcecode.c.objc; path = JMASquare.m; sourceTree = "<group>"; };
		370F8DB61811E3970004E840 /* MainStoryboard.storyboard */ = {isa = PBXFileReference; fileEncoding = 4; lastKnownFileType = file.storyboard; name = MainStoryboard.storyboard; path = ../MainStoryboard.storyboard; sourceTree = "<group>"; };
		370F8DB81811EE0F0004E840 /* JMADatabasesTableViewController.h */ = {isa = PBXFileReference; fileEncoding = 4; lastKnownFileType = sourcecode.c.h; path = JMADatabasesTableViewController.h; sourceTree = "<group>"; };
		370F8DB91811EE0F0004E840 /* JMADatabasesTableViewController.m */ = {isa = PBXFileReference; fileEncoding = 4; lastKnownFileType = sourcecode.c.objc; path = JMADatabasesTableViewController.m; sourceTree = "<group>"; };
		3713924C18331D630094C36F /* Tahoma.ttf */ = {isa = PBXFileReference; lastKnownFileType = file; path = Tahoma.ttf; sourceTree = "<group>"; };
		37158820183D717C000FF8F7 /* _Database.h */ = {isa = PBXFileReference; fileEncoding = 4; lastKnownFileType = sourcecode.c.h; path = _Database.h; sourceTree = "<group>"; };
		37158821183D717C000FF8F7 /* _Database.m */ = {isa = PBXFileReference; fileEncoding = 4; lastKnownFileType = sourcecode.c.objc; path = _Database.m; sourceTree = "<group>"; };
		37158822183D717C000FF8F7 /* _Game.h */ = {isa = PBXFileReference; fileEncoding = 4; lastKnownFileType = sourcecode.c.h; path = _Game.h; sourceTree = "<group>"; };
		37158823183D717C000FF8F7 /* _Game.m */ = {isa = PBXFileReference; fileEncoding = 4; lastKnownFileType = sourcecode.c.objc; path = _Game.m; sourceTree = "<group>"; };
		37158824183D717C000FF8F7 /* Database.h */ = {isa = PBXFileReference; fileEncoding = 4; lastKnownFileType = sourcecode.c.h; path = Database.h; sourceTree = "<group>"; };
		37158825183D717C000FF8F7 /* Database.m */ = {isa = PBXFileReference; fileEncoding = 4; lastKnownFileType = sourcecode.c.objc; path = Database.m; sourceTree = "<group>"; };
		37158826183D717C000FF8F7 /* Game.h */ = {isa = PBXFileReference; fileEncoding = 4; lastKnownFileType = sourcecode.c.h; path = Game.h; sourceTree = "<group>"; };
		37158827183D717C000FF8F7 /* Game.m */ = {isa = PBXFileReference; fileEncoding = 4; lastKnownFileType = sourcecode.c.objc; path = Game.m; sourceTree = "<group>"; };
		3715882C183E8D6F000FF8F7 /* JMABoardModel.h */ = {isa = PBXFileReference; fileEncoding = 4; lastKnownFileType = sourcecode.c.h; path = JMABoardModel.h; sourceTree = "<group>"; };
		3715882D183E8D6F000FF8F7 /* JMABoardModel.m */ = {isa = PBXFileReference; fileEncoding = 4; lastKnownFileType = sourcecode.c.objc; path = JMABoardModel.m; sourceTree = "<group>"; };
		37342320182B1A3400808D62 /* JMADatabasesCell.h */ = {isa = PBXFileReference; fileEncoding = 4; lastKnownFileType = sourcecode.c.h; path = JMADatabasesCell.h; sourceTree = "<group>"; };
		37342321182B1A3400808D62 /* JMADatabasesCell.m */ = {isa = PBXFileReference; fileEncoding = 4; lastKnownFileType = sourcecode.c.objc; path = JMADatabasesCell.m; sourceTree = "<group>"; };
		37342326182B4A0D00808D62 /* crypt.h */ = {isa = PBXFileReference; fileEncoding = 4; lastKnownFileType = sourcecode.c.h; path = crypt.h; sourceTree = "<group>"; };
		37342327182B4A0D00808D62 /* ioapi.c */ = {isa = PBXFileReference; fileEncoding = 4; lastKnownFileType = sourcecode.c.c; path = ioapi.c; sourceTree = "<group>"; };
		37342328182B4A0D00808D62 /* ioapi.h */ = {isa = PBXFileReference; fileEncoding = 4; lastKnownFileType = sourcecode.c.h; path = ioapi.h; sourceTree = "<group>"; };
		37342329182B4A0D00808D62 /* mztools.c */ = {isa = PBXFileReference; fileEncoding = 4; lastKnownFileType = sourcecode.c.c; path = mztools.c; sourceTree = "<group>"; };
		3734232A182B4A0D00808D62 /* mztools.h */ = {isa = PBXFileReference; fileEncoding = 4; lastKnownFileType = sourcecode.c.h; path = mztools.h; sourceTree = "<group>"; };
		3734232B182B4A0D00808D62 /* unzip.c */ = {isa = PBXFileReference; fileEncoding = 4; lastKnownFileType = sourcecode.c.c; path = unzip.c; sourceTree = "<group>"; };
		3734232C182B4A0D00808D62 /* unzip.h */ = {isa = PBXFileReference; fileEncoding = 4; lastKnownFileType = sourcecode.c.h; path = unzip.h; sourceTree = "<group>"; };
		3734232D182B4A0D00808D62 /* zip.c */ = {isa = PBXFileReference; fileEncoding = 4; lastKnownFileType = sourcecode.c.c; path = zip.c; sourceTree = "<group>"; };
		3734232E182B4A0D00808D62 /* zip.h */ = {isa = PBXFileReference; fileEncoding = 4; lastKnownFileType = sourcecode.c.h; path = zip.h; sourceTree = "<group>"; };
		3734232F182B4A0D00808D62 /* SSZipArchive.h */ = {isa = PBXFileReference; fileEncoding = 4; lastKnownFileType = sourcecode.c.h; path = SSZipArchive.h; sourceTree = "<group>"; };
		37342330182B4A0D00808D62 /* SSZipArchive.m */ = {isa = PBXFileReference; fileEncoding = 4; lastKnownFileType = sourcecode.c.objc; path = SSZipArchive.m; sourceTree = "<group>"; };
		37342337182B4B0600808D62 /* libz.dylib */ = {isa = PBXFileReference; lastKnownFileType = "compiled.mach-o.dylib"; name = libz.dylib; path = usr/lib/libz.dylib; sourceTree = SDKROOT; };
		373695B6183195E600793672 /* JMAPiece.h */ = {isa = PBXFileReference; fileEncoding = 4; lastKnownFileType = sourcecode.c.h; path = JMAPiece.h; sourceTree = "<group>"; };
		373695B7183195E600793672 /* JMAPiece.m */ = {isa = PBXFileReference; fileEncoding = 4; lastKnownFileType = sourcecode.c.objc; path = JMAPiece.m; sourceTree = "<group>"; };
		373695BC1831AE5C00793672 /* JMAChessConstants.h */ = {isa = PBXFileReference; fileEncoding = 4; lastKnownFileType = sourcecode.c.h; path = JMAChessConstants.h; sourceTree = "<group>"; };
		373695BD1831AE5C00793672 /* JMAChessConstants.m */ = {isa = PBXFileReference; fileEncoding = 4; lastKnownFileType = sourcecode.c.objc; path = JMAChessConstants.m; sourceTree = "<group>"; };
		376B5D37184464F200D63108 /* JMAMove.h */ = {isa = PBXFileReference; fileEncoding = 4; lastKnownFileType = sourcecode.c.h; path = JMAMove.h; sourceTree = "<group>"; };
		376B5D38184464F200D63108 /* JMAMove.m */ = {isa = PBXFileReference; fileEncoding = 4; lastKnownFileType = sourcecode.c.objc; path = JMAMove.m; sourceTree = "<group>"; };
		377053591819C43500B2877B /* JMADatabaseTableViewController.h */ = {isa = PBXFileReference; fileEncoding = 4; lastKnownFileType = sourcecode.c.h; path = JMADatabaseTableViewController.h; sourceTree = "<group>"; };
		3770535A1819C43500B2877B /* JMADatabaseTableViewController.m */ = {isa = PBXFileReference; fileEncoding = 4; lastKnownFileType = sourcecode.c.objc; path = JMADatabaseTableViewController.m; sourceTree = "<group>"; };
		37AF5AB818103A6200B86F79 /* PGN Reader.app */ = {isa = PBXFileReference; explicitFileType = wrapper.application; includeInIndex = 0; path = "PGN Reader.app"; sourceTree = BUILT_PRODUCTS_DIR; };
		37AF5ABB18103A6200B86F79 /* Foundation.framework */ = {isa = PBXFileReference; lastKnownFileType = wrapper.framework; name = Foundation.framework; path = System/Library/Frameworks/Foundation.framework; sourceTree = SDKROOT; };
		37AF5ABD18103A6200B86F79 /* CoreGraphics.framework */ = {isa = PBXFileReference; lastKnownFileType = wrapper.framework; name = CoreGraphics.framework; path = System/Library/Frameworks/CoreGraphics.framework; sourceTree = SDKROOT; };
		37AF5ABF18103A6200B86F79 /* UIKit.framework */ = {isa = PBXFileReference; lastKnownFileType = wrapper.framework; name = UIKit.framework; path = System/Library/Frameworks/UIKit.framework; sourceTree = SDKROOT; };
		37AF5AC118103A6200B86F79 /* CoreData.framework */ = {isa = PBXFileReference; lastKnownFileType = wrapper.framework; name = CoreData.framework; path = System/Library/Frameworks/CoreData.framework; sourceTree = SDKROOT; };
		37AF5AC518103A6200B86F79 /* PGN Reader-Info.plist */ = {isa = PBXFileReference; lastKnownFileType = text.plist.xml; path = "PGN Reader-Info.plist"; sourceTree = "<group>"; };
		37AF5AC718103A6200B86F79 /* en */ = {isa = PBXFileReference; lastKnownFileType = text.plist.strings; name = en; path = en.lproj/InfoPlist.strings; sourceTree = "<group>"; };
		37AF5AC918103A6200B86F79 /* main.m */ = {isa = PBXFileReference; lastKnownFileType = sourcecode.c.objc; path = main.m; sourceTree = "<group>"; };
		37AF5ACB18103A6200B86F79 /* PGN Reader-Prefix.pch */ = {isa = PBXFileReference; lastKnownFileType = sourcecode.c.h; path = "PGN Reader-Prefix.pch"; sourceTree = "<group>"; };
		37AF5ACC18103A6200B86F79 /* JMAAppDelegate.h */ = {isa = PBXFileReference; lastKnownFileType = sourcecode.c.h; path = JMAAppDelegate.h; sourceTree = "<group>"; };
		37AF5ACD18103A6200B86F79 /* JMAAppDelegate.m */ = {isa = PBXFileReference; lastKnownFileType = sourcecode.c.objc; path = JMAAppDelegate.m; sourceTree = "<group>"; };
		37AF5AD018103A6200B86F79 /* PGN_Reader.xcdatamodel */ = {isa = PBXFileReference; lastKnownFileType = wrapper.xcdatamodel; path = PGN_Reader.xcdatamodel; sourceTree = "<group>"; };
		37AF5AD218103A6200B86F79 /* Images.xcassets */ = {isa = PBXFileReference; lastKnownFileType = folder.assetcatalog; path = Images.xcassets; sourceTree = "<group>"; };
		37AF5AD818103A6300B86F79 /* PGN ReaderTests.xctest */ = {isa = PBXFileReference; explicitFileType = wrapper.cfbundle; includeInIndex = 0; path = "PGN ReaderTests.xctest"; sourceTree = BUILT_PRODUCTS_DIR; };
		37AF5AD918103A6300B86F79 /* XCTest.framework */ = {isa = PBXFileReference; lastKnownFileType = wrapper.framework; name = XCTest.framework; path = Library/Frameworks/XCTest.framework; sourceTree = DEVELOPER_DIR; };
		37AF5AE218103A6300B86F79 /* PGN ReaderTests-Info.plist */ = {isa = PBXFileReference; lastKnownFileType = text.plist.xml; path = "PGN ReaderTests-Info.plist"; sourceTree = "<group>"; };
		37AF5AE418103A6300B86F79 /* en */ = {isa = PBXFileReference; lastKnownFileType = text.plist.strings; name = en; path = en.lproj/InfoPlist.strings; sourceTree = "<group>"; };
		37AF5AE618103A6300B86F79 /* PGN_ReaderTests.m */ = {isa = PBXFileReference; lastKnownFileType = sourcecode.c.objc; path = PGN_ReaderTests.m; sourceTree = "<group>"; };
		37F622591814967E0051012C /* JMAConstants.h */ = {isa = PBXFileReference; fileEncoding = 4; lastKnownFileType = sourcecode.c.h; path = JMAConstants.h; sourceTree = "<group>"; };
		37F6225A1814967E0051012C /* JMAConstants.m */ = {isa = PBXFileReference; fileEncoding = 4; lastKnownFileType = sourcecode.c.objc; path = JMAConstants.m; sourceTree = "<group>"; };
		37F6225F18149D4F0051012C /* JMAParser.h */ = {isa = PBXFileReference; fileEncoding = 4; lastKnownFileType = sourcecode.c.h; path = JMAParser.h; sourceTree = "<group>"; };
		37F6226018149D4F0051012C /* JMAParser.m */ = {isa = PBXFileReference; fileEncoding = 4; lastKnownFileType = sourcecode.c.objc; path = JMAParser.m; sourceTree = "<group>"; };
		37F637BC1835413300A4BD7D /* JMAMovesListParser.h */ = {isa = PBXFileReference; fileEncoding = 4; lastKnownFileType = sourcecode.c.h; path = JMAMovesListParser.h; sourceTree = "<group>"; };
		37F637BD1835413300A4BD7D /* JMAMovesListParser.m */ = {isa = PBXFileReference; fileEncoding = 4; lastKnownFileType = sourcecode.c.objc; path = JMAMovesListParser.m; sourceTree = "<group>"; };
/* End PBXFileReference section */

/* Begin PBXFrameworksBuildPhase section */
		37AF5AB518103A6200B86F79 /* Frameworks */ = {
			isa = PBXFrameworksBuildPhase;
			buildActionMask = 2147483647;
			files = (
				37342338182B4B0600808D62 /* libz.dylib in Frameworks */,
				37AF5ABE18103A6200B86F79 /* CoreGraphics.framework in Frameworks */,
				37AF5AC218103A6200B86F79 /* CoreData.framework in Frameworks */,
				37AF5AC018103A6200B86F79 /* UIKit.framework in Frameworks */,
				37AF5ABC18103A6200B86F79 /* Foundation.framework in Frameworks */,
			);
			runOnlyForDeploymentPostprocessing = 0;
		};
		37AF5AD518103A6300B86F79 /* Frameworks */ = {
			isa = PBXFrameworksBuildPhase;
			buildActionMask = 2147483647;
			files = (
				37AF5ADA18103A6300B86F79 /* XCTest.framework in Frameworks */,
				37AF5ADD18103A6300B86F79 /* CoreData.framework in Frameworks */,
				37AF5ADC18103A6300B86F79 /* UIKit.framework in Frameworks */,
				37AF5ADB18103A6300B86F79 /* Foundation.framework in Frameworks */,
			);
			runOnlyForDeploymentPostprocessing = 0;
		};
/* End PBXFrameworksBuildPhase section */

/* Begin PBXGroup section */
		37077C07182DA6A4006B6AC3 /* Game */ = {
			isa = PBXGroup;
			children = (
				3715882F183E8D77000FF8F7 /* Board */,
				37077C04182DA691006B6AC3 /* JMAGameViewController.h */,
				37077C05182DA691006B6AC3 /* JMAGameViewController.m */,
				37F637BC1835413300A4BD7D /* JMAMovesListParser.h */,
				37F637BD1835413300A4BD7D /* JMAMovesListParser.m */,
				3703E5A01837241E00B0D9CC /* JMAGameEngine.h */,
				3703E5A11837241E00B0D9CC /* JMAGameEngine.m */,
				376B5D37184464F200D63108 /* JMAMove.h */,
				376B5D38184464F200D63108 /* JMAMove.m */,
			);
			name = Game;
			sourceTree = "<group>";
		};
		3715882F183E8D77000FF8F7 /* Board */ = {
			isa = PBXGroup;
			children = (
				3715882C183E8D6F000FF8F7 /* JMABoardModel.h */,
				3715882D183E8D6F000FF8F7 /* JMABoardModel.m */,
				37077C08182DE41F006B6AC3 /* JMABoardView.h */,
				37077C09182DE41F006B6AC3 /* JMABoardView.m */,
				37077C0B182DE72E006B6AC3 /* JMASquare.h */,
				37077C0C182DE72E006B6AC3 /* JMASquare.m */,
				373695B6183195E600793672 /* JMAPiece.h */,
				373695B7183195E600793672 /* JMAPiece.m */,
			);
			name = Board;
			sourceTree = "<group>";
		};
		37342323182B294B00808D62 /* JMAParser */ = {
			isa = PBXGroup;
			children = (
				37F6225F18149D4F0051012C /* JMAParser.h */,
				37F6226018149D4F0051012C /* JMAParser.m */,
			);
			name = JMAParser;
			sourceTree = "<group>";
		};
		37342324182B296100808D62 /* AppDelegate */ = {
			isa = PBXGroup;
			children = (
				37AF5ACC18103A6200B86F79 /* JMAAppDelegate.h */,
				37AF5ACD18103A6200B86F79 /* JMAAppDelegate.m */,
			);
			name = AppDelegate;
			sourceTree = "<group>";
		};
		37342325182B4A0D00808D62 /* minizip */ = {
			isa = PBXGroup;
			children = (
				37342326182B4A0D00808D62 /* crypt.h */,
				37342327182B4A0D00808D62 /* ioapi.c */,
				37342328182B4A0D00808D62 /* ioapi.h */,
				37342329182B4A0D00808D62 /* mztools.c */,
				3734232A182B4A0D00808D62 /* mztools.h */,
				3734232B182B4A0D00808D62 /* unzip.c */,
				3734232C182B4A0D00808D62 /* unzip.h */,
				3734232D182B4A0D00808D62 /* zip.c */,
				3734232E182B4A0D00808D62 /* zip.h */,
			);
			path = minizip;
			sourceTree = "<group>";
		};
		37342336182B4A2900808D62 /* SSZip */ = {
			isa = PBXGroup;
			children = (
				3734232F182B4A0D00808D62 /* SSZipArchive.h */,
				37342330182B4A0D00808D62 /* SSZipArchive.m */,
				37342325182B4A0D00808D62 /* minizip */,
			);
			name = SSZip;
			sourceTree = "<group>";
		};
		377053571819BE3E00B2877B /* DatabaseTableView */ = {
			isa = PBXGroup;
			children = (
				377053591819C43500B2877B /* JMADatabaseTableViewController.h */,
				3770535A1819C43500B2877B /* JMADatabaseTableViewController.m */,
			);
			name = DatabaseTableView;
			path = ..;
			sourceTree = "<group>";
		};
		377053581819BFE600B2877B /* DatabasesTableView */ = {
			isa = PBXGroup;
			children = (
				370F8DB81811EE0F0004E840 /* JMADatabasesTableViewController.h */,
				370F8DB91811EE0F0004E840 /* JMADatabasesTableViewController.m */,
				37342320182B1A3400808D62 /* JMADatabasesCell.h */,
				37342321182B1A3400808D62 /* JMADatabasesCell.m */,
			);
			name = DatabasesTableView;
			sourceTree = "<group>";
		};
		37AF5AAF18103A6200B86F79 = {
			isa = PBXGroup;
			children = (
				37AF5AC318103A6200B86F79 /* PGN Reader */,
				37AF5AE018103A6300B86F79 /* PGN ReaderTests */,
				37AF5ABA18103A6200B86F79 /* Frameworks */,
				37AF5AB918103A6200B86F79 /* Products */,
			);
			sourceTree = "<group>";
		};
		37AF5AB918103A6200B86F79 /* Products */ = {
			isa = PBXGroup;
			children = (
				37AF5AB818103A6200B86F79 /* PGN Reader.app */,
				37AF5AD818103A6300B86F79 /* PGN ReaderTests.xctest */,
			);
			name = Products;
			sourceTree = "<group>";
		};
		37AF5ABA18103A6200B86F79 /* Frameworks */ = {
			isa = PBXGroup;
			children = (
				37342337182B4B0600808D62 /* libz.dylib */,
				37AF5ABB18103A6200B86F79 /* Foundation.framework */,
				37AF5ABD18103A6200B86F79 /* CoreGraphics.framework */,
				37AF5ABF18103A6200B86F79 /* UIKit.framework */,
				37AF5AC118103A6200B86F79 /* CoreData.framework */,
				37AF5AD918103A6300B86F79 /* XCTest.framework */,
			);
			name = Frameworks;
			sourceTree = "<group>";
		};
		37AF5AC318103A6200B86F79 /* PGN Reader */ = {
			isa = PBXGroup;
			children = (
				37077C07182DA6A4006B6AC3 /* Game */,
				37342336182B4A2900808D62 /* SSZip */,
				37342324182B296100808D62 /* AppDelegate */,
				37342323182B294B00808D62 /* JMAParser */,
				377053581819BFE600B2877B /* DatabasesTableView */,
				377053571819BE3E00B2877B /* DatabaseTableView */,
				37F6225E18149A3D0051012C /* Storyboards */,
				37F6225D18149A1F0051012C /* Constants */,
				37F6225C18149A0A0051012C /* Core Data */,
				37AF5AD218103A6200B86F79 /* Images.xcassets */,
				37AF5AC418103A6200B86F79 /* Supporting Files */,
			);
			path = "PGN Reader";
			sourceTree = "<group>";
		};
		37AF5AC418103A6200B86F79 /* Supporting Files */ = {
			isa = PBXGroup;
			children = (
				3713924C18331D630094C36F /* Tahoma.ttf */,
				37AF5AC518103A6200B86F79 /* PGN Reader-Info.plist */,
				37AF5AC618103A6200B86F79 /* InfoPlist.strings */,
				37AF5AC918103A6200B86F79 /* main.m */,
				37AF5ACB18103A6200B86F79 /* PGN Reader-Prefix.pch */,
			);
			name = "Supporting Files";
			sourceTree = "<group>";
		};
		37AF5AE018103A6300B86F79 /* PGN ReaderTests */ = {
			isa = PBXGroup;
			children = (
				37AF5AE618103A6300B86F79 /* PGN_ReaderTests.m */,
				37AF5AE118103A6300B86F79 /* Supporting Files */,
			);
			path = "PGN ReaderTests";
			sourceTree = "<group>";
		};
		37AF5AE118103A6300B86F79 /* Supporting Files */ = {
			isa = PBXGroup;
			children = (
				37AF5AE218103A6300B86F79 /* PGN ReaderTests-Info.plist */,
				37AF5AE318103A6300B86F79 /* InfoPlist.strings */,
			);
			name = "Supporting Files";
			sourceTree = "<group>";
		};
		37F6225C18149A0A0051012C /* Core Data */ = {
			isa = PBXGroup;
			children = (
				37158820183D717C000FF8F7 /* _Database.h */,
				37158821183D717C000FF8F7 /* _Database.m */,
				37158822183D717C000FF8F7 /* _Game.h */,
				37158823183D717C000FF8F7 /* _Game.m */,
				37158824183D717C000FF8F7 /* Database.h */,
				37158825183D717C000FF8F7 /* Database.m */,
				37158826183D717C000FF8F7 /* Game.h */,
				37158827183D717C000FF8F7 /* Game.m */,
				37AF5ACF18103A6200B86F79 /* PGN_Reader.xcdatamodeld */,
			);
			name = "Core Data";
			sourceTree = "<group>";
		};
		37F6225D18149A1F0051012C /* Constants */ = {
			isa = PBXGroup;
			children = (
				37F622591814967E0051012C /* JMAConstants.h */,
				37F6225A1814967E0051012C /* JMAConstants.m */,
				373695BC1831AE5C00793672 /* JMAChessConstants.h */,
				373695BD1831AE5C00793672 /* JMAChessConstants.m */,
			);
			name = Constants;
			sourceTree = "<group>";
		};
		37F6225E18149A3D0051012C /* Storyboards */ = {
			isa = PBXGroup;
			children = (
				370F8DB61811E3970004E840 /* MainStoryboard.storyboard */,
			);
			name = Storyboards;
			sourceTree = "<group>";
		};
/* End PBXGroup section */

/* Begin PBXNativeTarget section */
		37AF5AB718103A6200B86F79 /* PGN Reader */ = {
			isa = PBXNativeTarget;
			buildConfigurationList = 37AF5AEA18103A6300B86F79 /* Build configuration list for PBXNativeTarget "PGN Reader" */;
			buildPhases = (
				37AF5AB418103A6200B86F79 /* Sources */,
				37AF5AB518103A6200B86F79 /* Frameworks */,
				37AF5AB618103A6200B86F79 /* Resources */,
			);
			buildRules = (
			);
			dependencies = (
			);
			name = "PGN Reader";
			productName = "PGN Reader";
			productReference = 37AF5AB818103A6200B86F79 /* PGN Reader.app */;
			productType = "com.apple.product-type.application";
		};
		37AF5AD718103A6300B86F79 /* PGN ReaderTests */ = {
			isa = PBXNativeTarget;
			buildConfigurationList = 37AF5AED18103A6300B86F79 /* Build configuration list for PBXNativeTarget "PGN ReaderTests" */;
			buildPhases = (
				37AF5AD418103A6300B86F79 /* Sources */,
				37AF5AD518103A6300B86F79 /* Frameworks */,
				37AF5AD618103A6300B86F79 /* Resources */,
			);
			buildRules = (
			);
			dependencies = (
				37AF5ADF18103A6300B86F79 /* PBXTargetDependency */,
			);
			name = "PGN ReaderTests";
			productName = "PGN ReaderTests";
			productReference = 37AF5AD818103A6300B86F79 /* PGN ReaderTests.xctest */;
			productType = "com.apple.product-type.bundle.unit-test";
		};
/* End PBXNativeTarget section */

/* Begin PBXProject section */
		37AF5AB018103A6200B86F79 /* Project object */ = {
			isa = PBXProject;
			attributes = {
				CLASSPREFIX = JMA;
				LastUpgradeCheck = 0500;
				ORGANIZATIONNAME = "Jesse McGil Allen";
				TargetAttributes = {
					37AF5AD718103A6300B86F79 = {
						TestTargetID = 37AF5AB718103A6200B86F79;
					};
				};
			};
			buildConfigurationList = 37AF5AB318103A6200B86F79 /* Build configuration list for PBXProject "PGN Reader" */;
			compatibilityVersion = "Xcode 3.2";
			developmentRegion = English;
			hasScannedForEncodings = 0;
			knownRegions = (
				en,
			);
			mainGroup = 37AF5AAF18103A6200B86F79;
			productRefGroup = 37AF5AB918103A6200B86F79 /* Products */;
			projectDirPath = "";
			projectRoot = "";
			targets = (
				37AF5AB718103A6200B86F79 /* PGN Reader */,
				37AF5AD718103A6300B86F79 /* PGN ReaderTests */,
				377A71CA1816FB0200F1B56C /* Mogenerator */,
			);
		};
/* End PBXProject section */

/* Begin PBXResourcesBuildPhase section */
		37AF5AB618103A6200B86F79 /* Resources */ = {
			isa = PBXResourcesBuildPhase;
			buildActionMask = 2147483647;
			files = (
				3713924D18331D630094C36F /* Tahoma.ttf in Resources */,
				370F8DB71811E3970004E840 /* MainStoryboard.storyboard in Resources */,
				37AF5AC818103A6200B86F79 /* InfoPlist.strings in Resources */,
				37AF5AD318103A6200B86F79 /* Images.xcassets in Resources */,
			);
			runOnlyForDeploymentPostprocessing = 0;
		};
		37AF5AD618103A6300B86F79 /* Resources */ = {
			isa = PBXResourcesBuildPhase;
			buildActionMask = 2147483647;
			files = (
				37AF5AE518103A6300B86F79 /* InfoPlist.strings in Resources */,
			);
			runOnlyForDeploymentPostprocessing = 0;
		};
/* End PBXResourcesBuildPhase section */

/* Begin PBXShellScriptBuildPhase section */
		377A71CE1816FB7A00F1B56C /* ShellScript */ = {
			isa = PBXShellScriptBuildPhase;
			buildActionMask = 2147483647;
			files = (
			);
			inputPaths = (
			);
			outputPaths = (
			);
			runOnlyForDeploymentPostprocessing = 0;
			shellPath = /bin/sh;
			shellScript = "mogenerator --model PGN_Reader.xcdatamodeld/PGN_Reader.xcdatamodel --template-var arc=true";
		};
/* End PBXShellScriptBuildPhase section */

/* Begin PBXSourcesBuildPhase section */
		37AF5AB418103A6200B86F79 /* Sources */ = {
			isa = PBXSourcesBuildPhase;
			buildActionMask = 2147483647;
			files = (
				37342331182B4A0D00808D62 /* ioapi.c in Sources */,
				3703E5A21837241E00B0D9CC /* JMAGameEngine.m in Sources */,
				37F6225B1814967E0051012C /* JMAConstants.m in Sources */,
				3715882B183D717C000FF8F7 /* Game.m in Sources */,
				37342335182B4A0D00808D62 /* SSZipArchive.m in Sources */,
				37AF5ACA18103A6200B86F79 /* main.m in Sources */,
				3715882E183E8D6F000FF8F7 /* JMABoardModel.m in Sources */,
				37342332182B4A0D00808D62 /* mztools.c in Sources */,
				3770535B1819C43500B2877B /* JMADatabaseTableViewController.m in Sources */,
				3715882A183D717C000FF8F7 /* Database.m in Sources */,
				37158829183D717C000FF8F7 /* _Game.m in Sources */,
				37342333182B4A0D00808D62 /* unzip.c in Sources */,
				37077C06182DA691006B6AC3 /* JMAGameViewController.m in Sources */,
				376B5D39184464F200D63108 /* JMAMove.m in Sources */,
				37342322182B1A3400808D62 /* JMADatabasesCell.m in Sources */,
				37342334182B4A0D00808D62 /* zip.c in Sources */,
				370F8DBA1811EE0F0004E840 /* JMADatabasesTableViewController.m in Sources */,
				37F6226118149D4F0051012C /* JMAParser.m in Sources */,
				37158828183D717C000FF8F7 /* _Database.m in Sources */,
				37AF5ACE18103A6200B86F79 /* JMAAppDelegate.m in Sources */,
				37077C0D182DE72E006B6AC3 /* JMASquare.m in Sources */,
				37AF5AD118103A6200B86F79 /* PGN_Reader.xcdatamodeld in Sources */,
				373695BE1831AE5C00793672 /* JMAChessConstants.m in Sources */,
				373695B8183195E600793672 /* JMAPiece.m in Sources */,
				37077C0A182DE41F006B6AC3 /* JMABoardView.m in Sources */,
				37F637BE1835413300A4BD7D /* JMAMovesListParser.m in Sources */,
			);
			runOnlyForDeploymentPostprocessing = 0;
		};
		37AF5AD418103A6300B86F79 /* Sources */ = {
			isa = PBXSourcesBuildPhase;
			buildActionMask = 2147483647;
			files = (
				37AF5AE718103A6300B86F79 /* PGN_ReaderTests.m in Sources */,
			);
			runOnlyForDeploymentPostprocessing = 0;
		};
/* End PBXSourcesBuildPhase section */

/* Begin PBXTargetDependency section */
		37AF5ADF18103A6300B86F79 /* PBXTargetDependency */ = {
			isa = PBXTargetDependency;
			target = 37AF5AB718103A6200B86F79 /* PGN Reader */;
			targetProxy = 37AF5ADE18103A6300B86F79 /* PBXContainerItemProxy */;
		};
/* End PBXTargetDependency section */

/* Begin PBXVariantGroup section */
		37AF5AC618103A6200B86F79 /* InfoPlist.strings */ = {
			isa = PBXVariantGroup;
			children = (
				37AF5AC718103A6200B86F79 /* en */,
			);
			name = InfoPlist.strings;
			sourceTree = "<group>";
		};
		37AF5AE318103A6300B86F79 /* InfoPlist.strings */ = {
			isa = PBXVariantGroup;
			children = (
				37AF5AE418103A6300B86F79 /* en */,
			);
			name = InfoPlist.strings;
			sourceTree = "<group>";
		};
/* End PBXVariantGroup section */

/* Begin XCBuildConfiguration section */
		377A71CB1816FB0200F1B56C /* Debug */ = {
			isa = XCBuildConfiguration;
			buildSettings = {
				PRODUCT_NAME = "$(TARGET_NAME)";
			};
			name = Debug;
		};
		377A71CC1816FB0200F1B56C /* Release */ = {
			isa = XCBuildConfiguration;
			buildSettings = {
				PRODUCT_NAME = "$(TARGET_NAME)";
			};
			name = Release;
		};
		37AF5AE818103A6300B86F79 /* Debug */ = {
			isa = XCBuildConfiguration;
			buildSettings = {
				ALWAYS_SEARCH_USER_PATHS = NO;
				ARCHS = "$(ARCHS_STANDARD_INCLUDING_64_BIT)";
				CLANG_CXX_LANGUAGE_STANDARD = "gnu++0x";
				CLANG_CXX_LIBRARY = "libc++";
				CLANG_ENABLE_MODULES = YES;
				CLANG_ENABLE_OBJC_ARC = YES;
				CLANG_WARN_BOOL_CONVERSION = YES;
				CLANG_WARN_CONSTANT_CONVERSION = YES;
				CLANG_WARN_DIRECT_OBJC_ISA_USAGE = YES_ERROR;
				CLANG_WARN_EMPTY_BODY = YES;
				CLANG_WARN_ENUM_CONVERSION = YES;
				CLANG_WARN_INT_CONVERSION = YES;
				CLANG_WARN_OBJC_ROOT_CLASS = YES_ERROR;
				CLANG_WARN__DUPLICATE_METHOD_MATCH = YES;
				"CODE_SIGN_IDENTITY[sdk=iphoneos*]" = "iPhone Developer";
				COPY_PHASE_STRIP = NO;
				GCC_C_LANGUAGE_STANDARD = gnu99;
				GCC_DYNAMIC_NO_PIC = NO;
				GCC_OPTIMIZATION_LEVEL = 0;
				GCC_PREPROCESSOR_DEFINITIONS = (
					"DEBUG=1",
					"$(inherited)",
				);
				GCC_SYMBOLS_PRIVATE_EXTERN = NO;
				GCC_WARN_64_TO_32_BIT_CONVERSION = YES;
				GCC_WARN_ABOUT_RETURN_TYPE = YES_ERROR;
				GCC_WARN_UNDECLARED_SELECTOR = YES;
				GCC_WARN_UNINITIALIZED_AUTOS = YES;
				GCC_WARN_UNUSED_FUNCTION = YES;
				GCC_WARN_UNUSED_VARIABLE = YES;
				IPHONEOS_DEPLOYMENT_TARGET = 7.0;
				ONLY_ACTIVE_ARCH = YES;
				SDKROOT = iphoneos;
				TARGETED_DEVICE_FAMILY = 2;
			};
			name = Debug;
		};
		37AF5AE918103A6300B86F79 /* Release */ = {
			isa = XCBuildConfiguration;
			buildSettings = {
				ALWAYS_SEARCH_USER_PATHS = NO;
				ARCHS = "$(ARCHS_STANDARD_INCLUDING_64_BIT)";
				CLANG_CXX_LANGUAGE_STANDARD = "gnu++0x";
				CLANG_CXX_LIBRARY = "libc++";
				CLANG_ENABLE_MODULES = YES;
				CLANG_ENABLE_OBJC_ARC = YES;
				CLANG_WARN_BOOL_CONVERSION = YES;
				CLANG_WARN_CONSTANT_CONVERSION = YES;
				CLANG_WARN_DIRECT_OBJC_ISA_USAGE = YES_ERROR;
				CLANG_WARN_EMPTY_BODY = YES;
				CLANG_WARN_ENUM_CONVERSION = YES;
				CLANG_WARN_INT_CONVERSION = YES;
				CLANG_WARN_OBJC_ROOT_CLASS = YES_ERROR;
				CLANG_WARN__DUPLICATE_METHOD_MATCH = YES;
				"CODE_SIGN_IDENTITY[sdk=iphoneos*]" = "iPhone Developer";
				COPY_PHASE_STRIP = YES;
				ENABLE_NS_ASSERTIONS = NO;
				GCC_C_LANGUAGE_STANDARD = gnu99;
				GCC_WARN_64_TO_32_BIT_CONVERSION = YES;
				GCC_WARN_ABOUT_RETURN_TYPE = YES_ERROR;
				GCC_WARN_UNDECLARED_SELECTOR = YES;
				GCC_WARN_UNINITIALIZED_AUTOS = YES;
				GCC_WARN_UNUSED_FUNCTION = YES;
				GCC_WARN_UNUSED_VARIABLE = YES;
				IPHONEOS_DEPLOYMENT_TARGET = 7.0;
				SDKROOT = iphoneos;
				TARGETED_DEVICE_FAMILY = 2;
				VALIDATE_PRODUCT = YES;
			};
			name = Release;
		};
		37AF5AEB18103A6300B86F79 /* Debug */ = {
			isa = XCBuildConfiguration;
			buildSettings = {
				ASSETCATALOG_COMPILER_APPICON_NAME = AppIcon;
				ASSETCATALOG_COMPILER_LAUNCHIMAGE_NAME = LaunchImage;
				GCC_PRECOMPILE_PREFIX_HEADER = YES;
				GCC_PREFIX_HEADER = "PGN Reader/PGN Reader-Prefix.pch";
				INFOPLIST_FILE = "PGN Reader/PGN Reader-Info.plist";
				PRODUCT_NAME = "$(TARGET_NAME)";
				WRAPPER_EXTENSION = app;
			};
			name = Debug;
		};
		37AF5AEC18103A6300B86F79 /* Release */ = {
			isa = XCBuildConfiguration;
			buildSettings = {
				ASSETCATALOG_COMPILER_APPICON_NAME = AppIcon;
				ASSETCATALOG_COMPILER_LAUNCHIMAGE_NAME = LaunchImage;
				GCC_PRECOMPILE_PREFIX_HEADER = YES;
				GCC_PREFIX_HEADER = "PGN Reader/PGN Reader-Prefix.pch";
				INFOPLIST_FILE = "PGN Reader/PGN Reader-Info.plist";
				PRODUCT_NAME = "$(TARGET_NAME)";
				WRAPPER_EXTENSION = app;
			};
			name = Release;
		};
		37AF5AEE18103A6300B86F79 /* Debug */ = {
			isa = XCBuildConfiguration;
			buildSettings = {
				ARCHS = "$(ARCHS_STANDARD_INCLUDING_64_BIT)";
				BUNDLE_LOADER = "$(BUILT_PRODUCTS_DIR)/PGN Reader.app/PGN Reader";
				FRAMEWORK_SEARCH_PATHS = (
					"$(SDKROOT)/Developer/Library/Frameworks",
					"$(inherited)",
					"$(DEVELOPER_FRAMEWORKS_DIR)",
				);
				GCC_PRECOMPILE_PREFIX_HEADER = YES;
				GCC_PREFIX_HEADER = "PGN Reader/PGN Reader-Prefix.pch";
				GCC_PREPROCESSOR_DEFINITIONS = (
					"DEBUG=1",
					"$(inherited)",
				);
				INFOPLIST_FILE = "PGN ReaderTests/PGN ReaderTests-Info.plist";
				PRODUCT_NAME = "$(TARGET_NAME)";
				TEST_HOST = "$(BUNDLE_LOADER)";
				WRAPPER_EXTENSION = xctest;
			};
			name = Debug;
		};
		37AF5AEF18103A6300B86F79 /* Release */ = {
			isa = XCBuildConfiguration;
			buildSettings = {
				ARCHS = "$(ARCHS_STANDARD_INCLUDING_64_BIT)";
				BUNDLE_LOADER = "$(BUILT_PRODUCTS_DIR)/PGN Reader.app/PGN Reader";
				FRAMEWORK_SEARCH_PATHS = (
					"$(SDKROOT)/Developer/Library/Frameworks",
					"$(inherited)",
					"$(DEVELOPER_FRAMEWORKS_DIR)",
				);
				GCC_PRECOMPILE_PREFIX_HEADER = YES;
				GCC_PREFIX_HEADER = "PGN Reader/PGN Reader-Prefix.pch";
				INFOPLIST_FILE = "PGN ReaderTests/PGN ReaderTests-Info.plist";
				PRODUCT_NAME = "$(TARGET_NAME)";
				TEST_HOST = "$(BUNDLE_LOADER)";
				WRAPPER_EXTENSION = xctest;
			};
			name = Release;
		};
/* End XCBuildConfiguration section */

/* Begin XCConfigurationList section */
		377A71CD1816FB0200F1B56C /* Build configuration list for PBXAggregateTarget "Mogenerator" */ = {
			isa = XCConfigurationList;
			buildConfigurations = (
				377A71CB1816FB0200F1B56C /* Debug */,
				377A71CC1816FB0200F1B56C /* Release */,
			);
			defaultConfigurationIsVisible = 0;
			defaultConfigurationName = Release;
		};
		37AF5AB318103A6200B86F79 /* Build configuration list for PBXProject "PGN Reader" */ = {
			isa = XCConfigurationList;
			buildConfigurations = (
				37AF5AE818103A6300B86F79 /* Debug */,
				37AF5AE918103A6300B86F79 /* Release */,
			);
			defaultConfigurationIsVisible = 0;
			defaultConfigurationName = Release;
		};
		37AF5AEA18103A6300B86F79 /* Build configuration list for PBXNativeTarget "PGN Reader" */ = {
			isa = XCConfigurationList;
			buildConfigurations = (
				37AF5AEB18103A6300B86F79 /* Debug */,
				37AF5AEC18103A6300B86F79 /* Release */,
			);
			defaultConfigurationIsVisible = 0;
			defaultConfigurationName = Release;
		};
		37AF5AED18103A6300B86F79 /* Build configuration list for PBXNativeTarget "PGN ReaderTests" */ = {
			isa = XCConfigurationList;
			buildConfigurations = (
				37AF5AEE18103A6300B86F79 /* Debug */,
				37AF5AEF18103A6300B86F79 /* Release */,
			);
			defaultConfigurationIsVisible = 0;
			defaultConfigurationName = Release;
		};
/* End XCConfigurationList section */

/* Begin XCVersionGroup section */
		37AF5ACF18103A6200B86F79 /* PGN_Reader.xcdatamodeld */ = {
			isa = XCVersionGroup;
			children = (
				37AF5AD018103A6200B86F79 /* PGN_Reader.xcdatamodel */,
			);
			currentVersion = 37AF5AD018103A6200B86F79 /* PGN_Reader.xcdatamodel */;
			path = PGN_Reader.xcdatamodeld;
			sourceTree = "<group>";
			versionGroupType = wrapper.xcdatamodel;
		};
/* End XCVersionGroup section */
	};
	rootObject = 37AF5AB018103A6200B86F79 /* Project object */;
}
